PODS:
  - AFNetworking (2.5.1):
    - AFNetworking/NSURLConnection (= 2.5.1)
    - AFNetworking/NSURLSession (= 2.5.1)
    - AFNetworking/Reachability (= 2.5.1)
    - AFNetworking/Security (= 2.5.1)
    - AFNetworking/Serialization (= 2.5.1)
    - AFNetworking/UIKit (= 2.5.1)
  - AFNetworking/NSURLConnection (2.5.1):
    - AFNetworking/Reachability
    - AFNetworking/Security
    - AFNetworking/Serialization
  - AFNetworking/NSURLSession (2.5.1):
    - AFNetworking/Reachability
    - AFNetworking/Security
    - AFNetworking/Serialization
  - AFNetworking/Reachability (2.5.1)
  - AFNetworking/Security (2.5.1)
  - AFNetworking/Serialization (2.5.1)
  - AFNetworking/UIKit (2.5.1):
    - AFNetworking/NSURLConnection
    - AFNetworking/NSURLSession
  - AMScrollingNavbar (1.3.4)
  - Bolts (1.1.4)
  - HMSegmentedControl (1.3.0)
  - JGProgressHUD (1.2.3)
  - LBBlurredImage (0.2.2)
  - Parse (1.6.4):
    - Bolts (~> 1.1)
  - pop (1.0.7)
  - TURecipientBar (1.1.2)

DEPENDENCIES:
  - AFNetworking
  - AMScrollingNavbar
  - HMSegmentedControl (~> 1.3.0)
  - JGProgressHUD
  - LBBlurredImage
  - Parse
  - pop (~> 1.0)
  - TURecipientBar (~> 1.1.2)

SPEC CHECKSUMS:
  AFNetworking: 8bee59492a6ff15d69130efa4d0dc67e0094a52a
  AMScrollingNavbar: 8181b57cc5f3b44ce53f9c0a957eb078c950d6d9
  Bolts: dd9fb8433d67f5acc3b6b4d1379bbc5513d716c1
  HMSegmentedControl: 9b3a39b9efd3d370b5d3d7b7cd5430f01a889b0b
  JGProgressHUD: 733523c80f69b6dfc41b88a0f33883a89a8b4c3b
  LBBlurredImage: a25144dd2f8305a391b1a8cefceef189a2bb9ade
  Parse: c2610f7a12ad0defc974803b819c4efe7746e6db
  pop: 2f14a1ea61339767af9e66741b418c831b3844df
  TURecipientBar: 9da38d0a69526b9c5f635d8c10b8905fa38c3f48

COCOAPODS: 0.35.0
