// !$*UTF8*$!
{
	archiveVersion = 1;
	classes = {
	};
	objectVersion = 46;
	objects = {

/* Begin PBXBuildFile section */
		5425DED91AA8C9E0001F5CD5 /* AppDelegate.swift in Sources */ = {isa = PBXBuildFile; fileRef = 5425DED81AA8C9E0001F5CD5 /* AppDelegate.swift */; };
		5425DEDB1AA8C9E0001F5CD5 /* ViewController.swift in Sources */ = {isa = PBXBuildFile; fileRef = 5425DEDA1AA8C9E0001F5CD5 /* ViewController.swift */; };
		5425DEDE1AA8C9E0001F5CD5 /* Main.storyboard in Resources */ = {isa = PBXBuildFile; fileRef = 5425DEDC1AA8C9E0001F5CD5 /* Main.storyboard */; };
		5425DEE01AA8C9E0001F5CD5 /* Images.xcassets in Resources */ = {isa = PBXBuildFile; fileRef = 5425DEDF1AA8C9E0001F5CD5 /* Images.xcassets */; };
		5425DEE31AA8C9E0001F5CD5 /* LaunchScreen.xib in Resources */ = {isa = PBXBuildFile; fileRef = 5425DEE11AA8C9E0001F5CD5 /* LaunchScreen.xib */; };
		5425DEEF1AA8C9E0001F5CD5 /* zentivityTests.swift in Sources */ = {isa = PBXBuildFile; fileRef = 5425DEEE1AA8C9E0001F5CD5 /* zentivityTests.swift */; };
		5BB82504BA6A1DEBA5D0C541 /* libPods.a in Frameworks */ = {isa = PBXBuildFile; fileRef = 6CB1175D1CF9C92D24F4E80E /* libPods.a */; };
		6894AA7D1AAA87F400401171 /* ParseClient.swift in Sources */ = {isa = PBXBuildFile; fileRef = 6894AA7C1AAA87F400401171 /* ParseClient.swift */; };
		93D311261AABA607009259E8 /* GoogleClient.swift in Sources */ = {isa = PBXBuildFile; fileRef = 93D311251AABA607009259E8 /* GoogleClient.swift */; };
		93EEA9321AABCD3000E04811 /* LoginView.swift in Sources */ = {isa = PBXBuildFile; fileRef = 93EEA9311AABCD3000E04811 /* LoginView.swift */; };
		93EEA9341AABCD5800E04811 /* LoginView.xib in Resources */ = {isa = PBXBuildFile; fileRef = 93EEA9331AABCD5800E04811 /* LoginView.xib */; };
		93EEA9361AABE58200E04811 /* AppViewController.swift in Sources */ = {isa = PBXBuildFile; fileRef = 93EEA9351AABE58200E04811 /* AppViewController.swift */; };
		93FF5A2E1AABFF680077C216 /* AddressBook.framework in Frameworks */ = {isa = PBXBuildFile; fileRef = 93FF5A2D1AABFF680077C216 /* AddressBook.framework */; };
		93FF5A301AABFF750077C216 /* AssetsLibrary.framework in Frameworks */ = {isa = PBXBuildFile; fileRef = 93FF5A2F1AABFF750077C216 /* AssetsLibrary.framework */; };
		93FF5A321AABFF820077C216 /* Foundation.framework in Frameworks */ = {isa = PBXBuildFile; fileRef = 93FF5A311AABFF820077C216 /* Foundation.framework */; };
		93FF5A341AABFF8D0077C216 /* CoreLocation.framework in Frameworks */ = {isa = PBXBuildFile; fileRef = 93FF5A331AABFF8D0077C216 /* CoreLocation.framework */; };
		93FF5A361AABFF970077C216 /* CoreMotion.framework in Frameworks */ = {isa = PBXBuildFile; fileRef = 93FF5A351AABFF970077C216 /* CoreMotion.framework */; };
		93FF5A381AABFFA10077C216 /* CoreGraphics.framework in Frameworks */ = {isa = PBXBuildFile; fileRef = 93FF5A371AABFFA10077C216 /* CoreGraphics.framework */; };
		93FF5A3A1AABFFAC0077C216 /* CoreText.framework in Frameworks */ = {isa = PBXBuildFile; fileRef = 93FF5A391AABFFAC0077C216 /* CoreText.framework */; };
		93FF5A3C1AABFFB60077C216 /* MediaPlayer.framework in Frameworks */ = {isa = PBXBuildFile; fileRef = 93FF5A3B1AABFFB60077C216 /* MediaPlayer.framework */; };
		93FF5A3E1AABFFC00077C216 /* Security.framework in Frameworks */ = {isa = PBXBuildFile; fileRef = 93FF5A3D1AABFFC00077C216 /* Security.framework */; };
		93FF5A401AABFFCA0077C216 /* SystemConfiguration.framework in Frameworks */ = {isa = PBXBuildFile; fileRef = 93FF5A3F1AABFFCA0077C216 /* SystemConfiguration.framework */; };
		93FF5A421AABFFD30077C216 /* UIKit.framework in Frameworks */ = {isa = PBXBuildFile; fileRef = 93FF5A411AABFFD30077C216 /* UIKit.framework */; };
		93FF5A451AAC00D40077C216 /* GoogleOpenSource.framework in Frameworks */ = {isa = PBXBuildFile; fileRef = 93FF5A431AAC00D40077C216 /* GoogleOpenSource.framework */; };
		93FF5A461AAC00D40077C216 /* GooglePlus.framework in Frameworks */ = {isa = PBXBuildFile; fileRef = 93FF5A441AAC00D40077C216 /* GooglePlus.framework */; };
		93FF5A491AAC04990077C216 /* GooglePlus.bundle in Resources */ = {isa = PBXBuildFile; fileRef = 93FF5A481AAC04990077C216 /* GooglePlus.bundle */; };
/* End PBXBuildFile section */

/* Begin PBXContainerItemProxy section */
		5425DEE91AA8C9E0001F5CD5 /* PBXContainerItemProxy */ = {
			isa = PBXContainerItemProxy;
			containerPortal = 5425DECB1AA8C9E0001F5CD5 /* Project object */;
			proxyType = 1;
			remoteGlobalIDString = 5425DED21AA8C9E0001F5CD5;
			remoteInfo = zentivity;
		};
/* End PBXContainerItemProxy section */

/* Begin PBXFileReference section */
		46DF2007E985BC915542C2E0 /* Pods.release.xcconfig */ = {isa = PBXFileReference; includeInIndex = 1; lastKnownFileType = text.xcconfig; name = Pods.release.xcconfig; path = "Pods/Target Support Files/Pods/Pods.release.xcconfig"; sourceTree = "<group>"; };
		5425DED31AA8C9E0001F5CD5 /* zentivity.app */ = {isa = PBXFileReference; explicitFileType = wrapper.application; includeInIndex = 0; path = zentivity.app; sourceTree = BUILT_PRODUCTS_DIR; };
		5425DED71AA8C9E0001F5CD5 /* Info.plist */ = {isa = PBXFileReference; lastKnownFileType = text.plist.xml; path = Info.plist; sourceTree = "<group>"; };
		5425DED81AA8C9E0001F5CD5 /* AppDelegate.swift */ = {isa = PBXFileReference; lastKnownFileType = sourcecode.swift; path = AppDelegate.swift; sourceTree = "<group>"; };
		5425DEDA1AA8C9E0001F5CD5 /* ViewController.swift */ = {isa = PBXFileReference; lastKnownFileType = sourcecode.swift; path = ViewController.swift; sourceTree = "<group>"; };
		5425DEDD1AA8C9E0001F5CD5 /* Base */ = {isa = PBXFileReference; lastKnownFileType = file.storyboard; name = Base; path = Base.lproj/Main.storyboard; sourceTree = "<group>"; };
		5425DEDF1AA8C9E0001F5CD5 /* Images.xcassets */ = {isa = PBXFileReference; lastKnownFileType = folder.assetcatalog; path = Images.xcassets; sourceTree = "<group>"; };
		5425DEE21AA8C9E0001F5CD5 /* Base */ = {isa = PBXFileReference; lastKnownFileType = file.xib; name = Base; path = Base.lproj/LaunchScreen.xib; sourceTree = "<group>"; };
		5425DEE81AA8C9E0001F5CD5 /* zentivityTests.xctest */ = {isa = PBXFileReference; explicitFileType = wrapper.cfbundle; includeInIndex = 0; path = zentivityTests.xctest; sourceTree = BUILT_PRODUCTS_DIR; };
		5425DEED1AA8C9E0001F5CD5 /* Info.plist */ = {isa = PBXFileReference; lastKnownFileType = text.plist.xml; path = Info.plist; sourceTree = "<group>"; };
		5425DEEE1AA8C9E0001F5CD5 /* zentivityTests.swift */ = {isa = PBXFileReference; lastKnownFileType = sourcecode.swift; path = zentivityTests.swift; sourceTree = "<group>"; };
		5425DEFC1AA8CC3A001F5CD5 /* zentivity-Bridging-Header.h */ = {isa = PBXFileReference; lastKnownFileType = sourcecode.c.h; path = "zentivity-Bridging-Header.h"; sourceTree = "<group>"; };
		6894AA7C1AAA87F400401171 /* ParseClient.swift */ = {isa = PBXFileReference; fileEncoding = 4; lastKnownFileType = sourcecode.swift; path = ParseClient.swift; sourceTree = "<group>"; };
		6CB1175D1CF9C92D24F4E80E /* libPods.a */ = {isa = PBXFileReference; explicitFileType = archive.ar; includeInIndex = 0; path = libPods.a; sourceTree = BUILT_PRODUCTS_DIR; };
		6F9CA5CE0D0774940F2AB24C /* Pods.debug.xcconfig */ = {isa = PBXFileReference; includeInIndex = 1; lastKnownFileType = text.xcconfig; name = Pods.debug.xcconfig; path = "Pods/Target Support Files/Pods/Pods.debug.xcconfig"; sourceTree = "<group>"; };
		93D311251AABA607009259E8 /* GoogleClient.swift */ = {isa = PBXFileReference; fileEncoding = 4; lastKnownFileType = sourcecode.swift; path = GoogleClient.swift; sourceTree = "<group>"; };
		93EEA9311AABCD3000E04811 /* LoginView.swift */ = {isa = PBXFileReference; fileEncoding = 4; lastKnownFileType = sourcecode.swift; path = LoginView.swift; sourceTree = "<group>"; };
		93EEA9331AABCD5800E04811 /* LoginView.xib */ = {isa = PBXFileReference; fileEncoding = 4; lastKnownFileType = file.xib; path = LoginView.xib; sourceTree = "<group>"; };
		93EEA9351AABE58200E04811 /* AppViewController.swift */ = {isa = PBXFileReference; fileEncoding = 4; lastKnownFileType = sourcecode.swift; path = AppViewController.swift; sourceTree = "<group>"; };
		93FF5A2D1AABFF680077C216 /* AddressBook.framework */ = {isa = PBXFileReference; lastKnownFileType = wrapper.framework; name = AddressBook.framework; path = System/Library/Frameworks/AddressBook.framework; sourceTree = SDKROOT; };
		93FF5A2F1AABFF750077C216 /* AssetsLibrary.framework */ = {isa = PBXFileReference; lastKnownFileType = wrapper.framework; name = AssetsLibrary.framework; path = System/Library/Frameworks/AssetsLibrary.framework; sourceTree = SDKROOT; };
		93FF5A311AABFF820077C216 /* Foundation.framework */ = {isa = PBXFileReference; lastKnownFileType = wrapper.framework; name = Foundation.framework; path = System/Library/Frameworks/Foundation.framework; sourceTree = SDKROOT; };
		93FF5A331AABFF8D0077C216 /* CoreLocation.framework */ = {isa = PBXFileReference; lastKnownFileType = wrapper.framework; name = CoreLocation.framework; path = System/Library/Frameworks/CoreLocation.framework; sourceTree = SDKROOT; };
		93FF5A351AABFF970077C216 /* CoreMotion.framework */ = {isa = PBXFileReference; lastKnownFileType = wrapper.framework; name = CoreMotion.framework; path = System/Library/Frameworks/CoreMotion.framework; sourceTree = SDKROOT; };
		93FF5A371AABFFA10077C216 /* CoreGraphics.framework */ = {isa = PBXFileReference; lastKnownFileType = wrapper.framework; name = CoreGraphics.framework; path = System/Library/Frameworks/CoreGraphics.framework; sourceTree = SDKROOT; };
		93FF5A391AABFFAC0077C216 /* CoreText.framework */ = {isa = PBXFileReference; lastKnownFileType = wrapper.framework; name = CoreText.framework; path = System/Library/Frameworks/CoreText.framework; sourceTree = SDKROOT; };
		93FF5A3B1AABFFB60077C216 /* MediaPlayer.framework */ = {isa = PBXFileReference; lastKnownFileType = wrapper.framework; name = MediaPlayer.framework; path = System/Library/Frameworks/MediaPlayer.framework; sourceTree = SDKROOT; };
		93FF5A3D1AABFFC00077C216 /* Security.framework */ = {isa = PBXFileReference; lastKnownFileType = wrapper.framework; name = Security.framework; path = System/Library/Frameworks/Security.framework; sourceTree = SDKROOT; };
		93FF5A3F1AABFFCA0077C216 /* SystemConfiguration.framework */ = {isa = PBXFileReference; lastKnownFileType = wrapper.framework; name = SystemConfiguration.framework; path = System/Library/Frameworks/SystemConfiguration.framework; sourceTree = SDKROOT; };
		93FF5A411AABFFD30077C216 /* UIKit.framework */ = {isa = PBXFileReference; lastKnownFileType = wrapper.framework; name = UIKit.framework; path = System/Library/Frameworks/UIKit.framework; sourceTree = SDKROOT; };
		93FF5A431AAC00D40077C216 /* GoogleOpenSource.framework */ = {isa = PBXFileReference; lastKnownFileType = wrapper.framework; path = GoogleOpenSource.framework; sourceTree = "<group>"; };
		93FF5A441AAC00D40077C216 /* GooglePlus.framework */ = {isa = PBXFileReference; lastKnownFileType = wrapper.framework; path = GooglePlus.framework; sourceTree = "<group>"; };
		93FF5A481AAC04990077C216 /* GooglePlus.bundle */ = {isa = PBXFileReference; lastKnownFileType = "wrapper.plug-in"; path = GooglePlus.bundle; sourceTree = "<group>"; };
/* End PBXFileReference section */

/* Begin PBXFrameworksBuildPhase section */
		5425DED01AA8C9E0001F5CD5 /* Frameworks */ = {
			isa = PBXFrameworksBuildPhase;
			buildActionMask = 2147483647;
			files = (
				93FF5A421AABFFD30077C216 /* UIKit.framework in Frameworks */,
				93FF5A401AABFFCA0077C216 /* SystemConfiguration.framework in Frameworks */,
				93FF5A451AAC00D40077C216 /* GoogleOpenSource.framework in Frameworks */,
				93FF5A3E1AABFFC00077C216 /* Security.framework in Frameworks */,
				93FF5A3C1AABFFB60077C216 /* MediaPlayer.framework in Frameworks */,
				93FF5A3A1AABFFAC0077C216 /* CoreText.framework in Frameworks */,
				93FF5A381AABFFA10077C216 /* CoreGraphics.framework in Frameworks */,
				93FF5A361AABFF970077C216 /* CoreMotion.framework in Frameworks */,
				93FF5A341AABFF8D0077C216 /* CoreLocation.framework in Frameworks */,
				93FF5A461AAC00D40077C216 /* GooglePlus.framework in Frameworks */,
				93FF5A321AABFF820077C216 /* Foundation.framework in Frameworks */,
				93FF5A301AABFF750077C216 /* AssetsLibrary.framework in Frameworks */,
				93FF5A2E1AABFF680077C216 /* AddressBook.framework in Frameworks */,
				5BB82504BA6A1DEBA5D0C541 /* libPods.a in Frameworks */,
			);
			runOnlyForDeploymentPostprocessing = 0;
		};
		5425DEE51AA8C9E0001F5CD5 /* Frameworks */ = {
			isa = PBXFrameworksBuildPhase;
			buildActionMask = 2147483647;
			files = (
			);
			runOnlyForDeploymentPostprocessing = 0;
		};
/* End PBXFrameworksBuildPhase section */

/* Begin PBXGroup section */
		5425DECA1AA8C9E0001F5CD5 = {
			isa = PBXGroup;
			children = (
				5425DED51AA8C9E0001F5CD5 /* zentivity */,
				5425DEEB1AA8C9E0001F5CD5 /* zentivityTests */,
				5425DED41AA8C9E0001F5CD5 /* Products */,
				ADBEFF1456DACDFDB8F093B0 /* Pods */,
				F953FE1170D4C30F1E2BC84A /* Frameworks */,
			);
			sourceTree = "<group>";
		};
		5425DED41AA8C9E0001F5CD5 /* Products */ = {
			isa = PBXGroup;
			children = (
				5425DED31AA8C9E0001F5CD5 /* zentivity.app */,
				5425DEE81AA8C9E0001F5CD5 /* zentivityTests.xctest */,
			);
			name = Products;
			sourceTree = "<group>";
		};
		5425DED51AA8C9E0001F5CD5 /* zentivity */ = {
			isa = PBXGroup;
			children = (
				5425DEDC1AA8C9E0001F5CD5 /* Main.storyboard */,
				5425DED81AA8C9E0001F5CD5 /* AppDelegate.swift */,
				5425DEFB1AA8CB10001F5CD5 /* View Controllers */,
				5425DEFA1AA8CB0A001F5CD5 /* Views */,
				5425DEF91AA8CB02001F5CD5 /* API */,
				5425DEF81AA8CAFC001F5CD5 /* Models */,
				5425DEDF1AA8C9E0001F5CD5 /* Images.xcassets */,
				93FF5A471AAC046F0077C216 /* AssetsBundles */,
				5425DEE11AA8C9E0001F5CD5 /* LaunchScreen.xib */,
				5425DED61AA8C9E0001F5CD5 /* Supporting Files */,
				5425DEFC1AA8CC3A001F5CD5 /* zentivity-Bridging-Header.h */,
			);
			path = zentivity;
			sourceTree = "<group>";
		};
		5425DED61AA8C9E0001F5CD5 /* Supporting Files */ = {
			isa = PBXGroup;
			children = (
				5425DED71AA8C9E0001F5CD5 /* Info.plist */,
			);
			name = "Supporting Files";
			sourceTree = "<group>";
		};
		5425DEEB1AA8C9E0001F5CD5 /* zentivityTests */ = {
			isa = PBXGroup;
			children = (
				5425DEEE1AA8C9E0001F5CD5 /* zentivityTests.swift */,
				5425DEEC1AA8C9E0001F5CD5 /* Supporting Files */,
			);
			path = zentivityTests;
			sourceTree = "<group>";
		};
		5425DEEC1AA8C9E0001F5CD5 /* Supporting Files */ = {
			isa = PBXGroup;
			children = (
				5425DEED1AA8C9E0001F5CD5 /* Info.plist */,
			);
			name = "Supporting Files";
			sourceTree = "<group>";
		};
		5425DEF81AA8CAFC001F5CD5 /* Models */ = {
			isa = PBXGroup;
			children = (
			);
			name = Models;
			sourceTree = "<group>";
		};
		5425DEF91AA8CB02001F5CD5 /* API */ = {
			isa = PBXGroup;
			children = (
				6894AA7C1AAA87F400401171 /* ParseClient.swift */,
				93D311251AABA607009259E8 /* GoogleClient.swift */,
			);
			name = API;
			sourceTree = "<group>";
		};
		5425DEFA1AA8CB0A001F5CD5 /* Views */ = {
			isa = PBXGroup;
			children = (
				93EEA9311AABCD3000E04811 /* LoginView.swift */,
				93EEA9331AABCD5800E04811 /* LoginView.xib */,
			);
			name = Views;
			sourceTree = "<group>";
		};
		5425DEFB1AA8CB10001F5CD5 /* View Controllers */ = {
			isa = PBXGroup;
			children = (
				5425DEDA1AA8C9E0001F5CD5 /* ViewController.swift */,
				93EEA9351AABE58200E04811 /* AppViewController.swift */,
			);
			name = "View Controllers";
			sourceTree = "<group>";
		};
		93FF5A471AAC046F0077C216 /* AssetsBundles */ = {
			isa = PBXGroup;
			children = (
				93FF5A481AAC04990077C216 /* GooglePlus.bundle */,
			);
			name = AssetsBundles;
			sourceTree = "<group>";
		};
		ADBEFF1456DACDFDB8F093B0 /* Pods */ = {
			isa = PBXGroup;
			children = (
				6F9CA5CE0D0774940F2AB24C /* Pods.debug.xcconfig */,
				46DF2007E985BC915542C2E0 /* Pods.release.xcconfig */,
			);
			name = Pods;
			sourceTree = "<group>";
		};
		F953FE1170D4C30F1E2BC84A /* Frameworks */ = {
			isa = PBXGroup;
			children = (
				93FF5A431AAC00D40077C216 /* GoogleOpenSource.framework */,
				93FF5A441AAC00D40077C216 /* GooglePlus.framework */,
				93FF5A411AABFFD30077C216 /* UIKit.framework */,
				93FF5A3F1AABFFCA0077C216 /* SystemConfiguration.framework */,
				93FF5A3D1AABFFC00077C216 /* Security.framework */,
				93FF5A3B1AABFFB60077C216 /* MediaPlayer.framework */,
				93FF5A391AABFFAC0077C216 /* CoreText.framework */,
				93FF5A371AABFFA10077C216 /* CoreGraphics.framework */,
				93FF5A351AABFF970077C216 /* CoreMotion.framework */,
				93FF5A331AABFF8D0077C216 /* CoreLocation.framework */,
				93FF5A311AABFF820077C216 /* Foundation.framework */,
				93FF5A2F1AABFF750077C216 /* AssetsLibrary.framework */,
				93FF5A2D1AABFF680077C216 /* AddressBook.framework */,
				6CB1175D1CF9C92D24F4E80E /* libPods.a */,
			);
			name = Frameworks;
			sourceTree = "<group>";
		};
/* End PBXGroup section */

/* Begin PBXNativeTarget section */
		5425DED21AA8C9E0001F5CD5 /* zentivity */ = {
			isa = PBXNativeTarget;
			buildConfigurationList = 5425DEF21AA8C9E0001F5CD5 /* Build configuration list for PBXNativeTarget "zentivity" */;
			buildPhases = (
				1B22A8AA47115321032056F2 /* Check Pods Manifest.lock */,
				5425DECF1AA8C9E0001F5CD5 /* Sources */,
				5425DED01AA8C9E0001F5CD5 /* Frameworks */,
				5425DED11AA8C9E0001F5CD5 /* Resources */,
				24C33E898B55E1A4CB8AADD2 /* Copy Pods Resources */,
			);
			buildRules = (
			);
			dependencies = (
			);
			name = zentivity;
			productName = zentivity;
			productReference = 5425DED31AA8C9E0001F5CD5 /* zentivity.app */;
			productType = "com.apple.product-type.application";
		};
		5425DEE71AA8C9E0001F5CD5 /* zentivityTests */ = {
			isa = PBXNativeTarget;
			buildConfigurationList = 5425DEF51AA8C9E0001F5CD5 /* Build configuration list for PBXNativeTarget "zentivityTests" */;
			buildPhases = (
				5425DEE41AA8C9E0001F5CD5 /* Sources */,
				5425DEE51AA8C9E0001F5CD5 /* Frameworks */,
				5425DEE61AA8C9E0001F5CD5 /* Resources */,
			);
			buildRules = (
			);
			dependencies = (
				5425DEEA1AA8C9E0001F5CD5 /* PBXTargetDependency */,
			);
			name = zentivityTests;
			productName = zentivityTests;
			productReference = 5425DEE81AA8C9E0001F5CD5 /* zentivityTests.xctest */;
			productType = "com.apple.product-type.bundle.unit-test";
		};
/* End PBXNativeTarget section */

/* Begin PBXProject section */
		5425DECB1AA8C9E0001F5CD5 /* Project object */ = {
			isa = PBXProject;
			attributes = {
				LastUpgradeCheck = 0610;
				ORGANIZATIONNAME = Zendesk;
				TargetAttributes = {
					5425DED21AA8C9E0001F5CD5 = {
						CreatedOnToolsVersion = 6.1.1;
					};
					5425DEE71AA8C9E0001F5CD5 = {
						CreatedOnToolsVersion = 6.1.1;
						TestTargetID = 5425DED21AA8C9E0001F5CD5;
					};
				};
			};
			buildConfigurationList = 5425DECE1AA8C9E0001F5CD5 /* Build configuration list for PBXProject "zentivity" */;
			compatibilityVersion = "Xcode 3.2";
			developmentRegion = English;
			hasScannedForEncodings = 0;
			knownRegions = (
				en,
				Base,
			);
			mainGroup = 5425DECA1AA8C9E0001F5CD5;
			productRefGroup = 5425DED41AA8C9E0001F5CD5 /* Products */;
			projectDirPath = "";
			projectRoot = "";
			targets = (
				5425DED21AA8C9E0001F5CD5 /* zentivity */,
				5425DEE71AA8C9E0001F5CD5 /* zentivityTests */,
			);
		};
/* End PBXProject section */

/* Begin PBXResourcesBuildPhase section */
		5425DED11AA8C9E0001F5CD5 /* Resources */ = {
			isa = PBXResourcesBuildPhase;
			buildActionMask = 2147483647;
			files = (
				5425DEDE1AA8C9E0001F5CD5 /* Main.storyboard in Resources */,
				93FF5A491AAC04990077C216 /* GooglePlus.bundle in Resources */,
				5425DEE31AA8C9E0001F5CD5 /* LaunchScreen.xib in Resources */,
				93EEA9341AABCD5800E04811 /* LoginView.xib in Resources */,
				5425DEE01AA8C9E0001F5CD5 /* Images.xcassets in Resources */,
			);
			runOnlyForDeploymentPostprocessing = 0;
		};
		5425DEE61AA8C9E0001F5CD5 /* Resources */ = {
			isa = PBXResourcesBuildPhase;
			buildActionMask = 2147483647;
			files = (
			);
			runOnlyForDeploymentPostprocessing = 0;
		};
/* End PBXResourcesBuildPhase section */

/* Begin PBXShellScriptBuildPhase section */
		1B22A8AA47115321032056F2 /* Check Pods Manifest.lock */ = {
			isa = PBXShellScriptBuildPhase;
			buildActionMask = 2147483647;
			files = (
			);
			inputPaths = (
			);
			name = "Check Pods Manifest.lock";
			outputPaths = (
			);
			runOnlyForDeploymentPostprocessing = 0;
			shellPath = /bin/sh;
			shellScript = "diff \"${PODS_ROOT}/../Podfile.lock\" \"${PODS_ROOT}/Manifest.lock\" > /dev/null\nif [[ $? != 0 ]] ; then\n    cat << EOM\nerror: The sandbox is not in sync with the Podfile.lock. Run 'pod install' or update your CocoaPods installation.\nEOM\n    exit 1\nfi\n";
			showEnvVarsInLog = 0;
		};
		24C33E898B55E1A4CB8AADD2 /* Copy Pods Resources */ = {
			isa = PBXShellScriptBuildPhase;
			buildActionMask = 2147483647;
			files = (
			);
			inputPaths = (
			);
			name = "Copy Pods Resources";
			outputPaths = (
			);
			runOnlyForDeploymentPostprocessing = 0;
			shellPath = /bin/sh;
			shellScript = "\"${SRCROOT}/Pods/Target Support Files/Pods/Pods-resources.sh\"\n";
			showEnvVarsInLog = 0;
		};
/* End PBXShellScriptBuildPhase section */

/* Begin PBXSourcesBuildPhase section */
		5425DECF1AA8C9E0001F5CD5 /* Sources */ = {
			isa = PBXSourcesBuildPhase;
			buildActionMask = 2147483647;
			files = (
				93EEA9361AABE58200E04811 /* AppViewController.swift in Sources */,
				6894AA7D1AAA87F400401171 /* ParseClient.swift in Sources */,
				93D311261AABA607009259E8 /* GoogleClient.swift in Sources */,
				5425DEDB1AA8C9E0001F5CD5 /* ViewController.swift in Sources */,
				93EEA9321AABCD3000E04811 /* LoginView.swift in Sources */,
				5425DED91AA8C9E0001F5CD5 /* AppDelegate.swift in Sources */,
			);
			runOnlyForDeploymentPostprocessing = 0;
		};
		5425DEE41AA8C9E0001F5CD5 /* Sources */ = {
			isa = PBXSourcesBuildPhase;
			buildActionMask = 2147483647;
			files = (
				5425DEEF1AA8C9E0001F5CD5 /* zentivityTests.swift in Sources */,
			);
			runOnlyForDeploymentPostprocessing = 0;
		};
/* End PBXSourcesBuildPhase section */

/* Begin PBXTargetDependency section */
		5425DEEA1AA8C9E0001F5CD5 /* PBXTargetDependency */ = {
			isa = PBXTargetDependency;
			target = 5425DED21AA8C9E0001F5CD5 /* zentivity */;
			targetProxy = 5425DEE91AA8C9E0001F5CD5 /* PBXContainerItemProxy */;
		};
/* End PBXTargetDependency section */

/* Begin PBXVariantGroup section */
		5425DEDC1AA8C9E0001F5CD5 /* Main.storyboard */ = {
			isa = PBXVariantGroup;
			children = (
				5425DEDD1AA8C9E0001F5CD5 /* Base */,
			);
			name = Main.storyboard;
			sourceTree = "<group>";
		};
		5425DEE11AA8C9E0001F5CD5 /* LaunchScreen.xib */ = {
			isa = PBXVariantGroup;
			children = (
				5425DEE21AA8C9E0001F5CD5 /* Base */,
			);
			name = LaunchScreen.xib;
			sourceTree = "<group>";
		};
/* End PBXVariantGroup section */

/* Begin XCBuildConfiguration section */
		5425DEF01AA8C9E0001F5CD5 /* Debug */ = {
			isa = XCBuildConfiguration;
			buildSettings = {
				ALWAYS_SEARCH_USER_PATHS = NO;
				CLANG_CXX_LANGUAGE_STANDARD = "gnu++0x";
				CLANG_CXX_LIBRARY = "libc++";
				CLANG_ENABLE_MODULES = YES;
				CLANG_ENABLE_OBJC_ARC = YES;
				CLANG_WARN_BOOL_CONVERSION = YES;
				CLANG_WARN_CONSTANT_CONVERSION = YES;
				CLANG_WARN_DIRECT_OBJC_ISA_USAGE = YES_ERROR;
				CLANG_WARN_EMPTY_BODY = YES;
				CLANG_WARN_ENUM_CONVERSION = YES;
				CLANG_WARN_INT_CONVERSION = YES;
				CLANG_WARN_OBJC_ROOT_CLASS = YES_ERROR;
				CLANG_WARN_UNREACHABLE_CODE = YES;
				CLANG_WARN__DUPLICATE_METHOD_MATCH = YES;
				"CODE_SIGN_IDENTITY[sdk=iphoneos*]" = "iPhone Developer";
				COPY_PHASE_STRIP = NO;
				ENABLE_STRICT_OBJC_MSGSEND = YES;
				GCC_C_LANGUAGE_STANDARD = gnu99;
				GCC_DYNAMIC_NO_PIC = NO;
				GCC_OPTIMIZATION_LEVEL = 0;
				GCC_PREPROCESSOR_DEFINITIONS = (
					"DEBUG=1",
					"$(inherited)",
				);
				GCC_SYMBOLS_PRIVATE_EXTERN = NO;
				GCC_WARN_64_TO_32_BIT_CONVERSION = YES;
				GCC_WARN_ABOUT_RETURN_TYPE = YES_ERROR;
				GCC_WARN_UNDECLARED_SELECTOR = YES;
				GCC_WARN_UNINITIALIZED_AUTOS = YES_AGGRESSIVE;
				GCC_WARN_UNUSED_FUNCTION = YES;
				GCC_WARN_UNUSED_VARIABLE = YES;
				IPHONEOS_DEPLOYMENT_TARGET = 8.1;
				MTL_ENABLE_DEBUG_INFO = YES;
				ONLY_ACTIVE_ARCH = YES;
				SDKROOT = iphoneos;
				SWIFT_OPTIMIZATION_LEVEL = "-Onone";
			};
			name = Debug;
		};
		5425DEF11AA8C9E0001F5CD5 /* Release */ = {
			isa = XCBuildConfiguration;
			buildSettings = {
				ALWAYS_SEARCH_USER_PATHS = NO;
				CLANG_CXX_LANGUAGE_STANDARD = "gnu++0x";
				CLANG_CXX_LIBRARY = "libc++";
				CLANG_ENABLE_MODULES = YES;
				CLANG_ENABLE_OBJC_ARC = YES;
				CLANG_WARN_BOOL_CONVERSION = YES;
				CLANG_WARN_CONSTANT_CONVERSION = YES;
				CLANG_WARN_DIRECT_OBJC_ISA_USAGE = YES_ERROR;
				CLANG_WARN_EMPTY_BODY = YES;
				CLANG_WARN_ENUM_CONVERSION = YES;
				CLANG_WARN_INT_CONVERSION = YES;
				CLANG_WARN_OBJC_ROOT_CLASS = YES_ERROR;
				CLANG_WARN_UNREACHABLE_CODE = YES;
				CLANG_WARN__DUPLICATE_METHOD_MATCH = YES;
				"CODE_SIGN_IDENTITY[sdk=iphoneos*]" = "iPhone Developer";
				COPY_PHASE_STRIP = YES;
				ENABLE_NS_ASSERTIONS = NO;
				ENABLE_STRICT_OBJC_MSGSEND = YES;
				GCC_C_LANGUAGE_STANDARD = gnu99;
				GCC_WARN_64_TO_32_BIT_CONVERSION = YES;
				GCC_WARN_ABOUT_RETURN_TYPE = YES_ERROR;
				GCC_WARN_UNDECLARED_SELECTOR = YES;
				GCC_WARN_UNINITIALIZED_AUTOS = YES_AGGRESSIVE;
				GCC_WARN_UNUSED_FUNCTION = YES;
				GCC_WARN_UNUSED_VARIABLE = YES;
				IPHONEOS_DEPLOYMENT_TARGET = 8.1;
				MTL_ENABLE_DEBUG_INFO = NO;
				SDKROOT = iphoneos;
				VALIDATE_PRODUCT = YES;
			};
			name = Release;
		};
		5425DEF31AA8C9E0001F5CD5 /* Debug */ = {
			isa = XCBuildConfiguration;
			baseConfigurationReference = 6F9CA5CE0D0774940F2AB24C /* Pods.debug.xcconfig */;
			buildSettings = {
				ASSETCATALOG_COMPILER_APPICON_NAME = AppIcon;
				CLANG_ENABLE_MODULES = YES;
				FRAMEWORK_SEARCH_PATHS = (
					"$(inherited)",
					"$(PROJECT_DIR)",
				);
				INFOPLIST_FILE = zentivity/Info.plist;
				LD_RUNPATH_SEARCH_PATHS = "$(inherited) @executable_path/Frameworks";
				PRODUCT_NAME = "$(TARGET_NAME)";
				SWIFT_OBJC_BRIDGING_HEADER = "zentivity/zentivity-Bridging-Header.h";
				SWIFT_OPTIMIZATION_LEVEL = "-Onone";
			};
			name = Debug;
		};
		5425DEF41AA8C9E0001F5CD5 /* Release */ = {
			isa = XCBuildConfiguration;
			baseConfigurationReference = 46DF2007E985BC915542C2E0 /* Pods.release.xcconfig */;
			buildSettings = {
				ASSETCATALOG_COMPILER_APPICON_NAME = AppIcon;
				CLANG_ENABLE_MODULES = YES;
				FRAMEWORK_SEARCH_PATHS = (
					"$(inherited)",
					"$(PROJECT_DIR)",
				);
				INFOPLIST_FILE = zentivity/Info.plist;
				LD_RUNPATH_SEARCH_PATHS = "$(inherited) @executable_path/Frameworks";
				PRODUCT_NAME = "$(TARGET_NAME)";
				SWIFT_OBJC_BRIDGING_HEADER = "zentivity/zentivity-Bridging-Header.h";
			};
			name = Release;
		};
		5425DEF61AA8C9E0001F5CD5 /* Debug */ = {
			isa = XCBuildConfiguration;
			buildSettings = {
				BUNDLE_LOADER = "$(TEST_HOST)";
				FRAMEWORK_SEARCH_PATHS = (
					"$(SDKROOT)/Developer/Library/Frameworks",
					"$(inherited)",
				);
				GCC_PREPROCESSOR_DEFINITIONS = (
					"DEBUG=1",
					"$(inherited)",
				);
				INFOPLIST_FILE = zentivityTests/Info.plist;
				LD_RUNPATH_SEARCH_PATHS = "$(inherited) @executable_path/Frameworks @loader_path/Frameworks";
				PRODUCT_NAME = "$(TARGET_NAME)";
				TEST_HOST = "$(BUILT_PRODUCTS_DIR)/zentivity.app/zentivity";
			};
			name = Debug;
		};
		5425DEF71AA8C9E0001F5CD5 /* Release */ = {
			isa = XCBuildConfiguration;
			buildSettings = {
				BUNDLE_LOADER = "$(TEST_HOST)";
				FRAMEWORK_SEARCH_PATHS = (
					"$(SDKROOT)/Developer/Library/Frameworks",
					"$(inherited)",
				);
				INFOPLIST_FILE = zentivityTests/Info.plist;
				LD_RUNPATH_SEARCH_PATHS = "$(inherited) @executable_path/Frameworks @loader_path/Frameworks";
				PRODUCT_NAME = "$(TARGET_NAME)";
				TEST_HOST = "$(BUILT_PRODUCTS_DIR)/zentivity.app/zentivity";
			};
			name = Release;
		};
/* End XCBuildConfiguration section */

/* Begin XCConfigurationList section */
		5425DECE1AA8C9E0001F5CD5 /* Build configuration list for PBXProject "zentivity" */ = {
			isa = XCConfigurationList;
			buildConfigurations = (
				5425DEF01AA8C9E0001F5CD5 /* Debug */,
				5425DEF11AA8C9E0001F5CD5 /* Release */,
			);
			defaultConfigurationIsVisible = 0;
			defaultConfigurationName = Release;
		};
		5425DEF21AA8C9E0001F5CD5 /* Build configuration list for PBXNativeTarget "zentivity" */ = {
			isa = XCConfigurationList;
			buildConfigurations = (
				5425DEF31AA8C9E0001F5CD5 /* Debug */,
				5425DEF41AA8C9E0001F5CD5 /* Release */,
			);
			defaultConfigurationIsVisible = 0;
			defaultConfigurationName = Release;
		};
		5425DEF51AA8C9E0001F5CD5 /* Build configuration list for PBXNativeTarget "zentivityTests" */ = {
			isa = XCConfigurationList;
			buildConfigurations = (
				5425DEF61AA8C9E0001F5CD5 /* Debug */,
				5425DEF71AA8C9E0001F5CD5 /* Release */,
			);
			defaultConfigurationIsVisible = 0;
			defaultConfigurationName = Release;
		};
/* End XCConfigurationList section */
	};
	rootObject = 5425DECB1AA8C9E0001F5CD5 /* Project object */;
}
